
Microsoft Visual Studio Solution File, Format Version 12.00
# Visual Studio Version 17
VisualStudioVersion = 17.5.002.0
MinimumVisualStudioVersion = 10.0.40219.1
Project("{9A19103F-16F7-4668-BE54-9A1E7A4F7556}") = "Gapplus.Api", "Gapplus.Api\Gapplus.Api.csproj", "{3174FD2D-D71A-4494-82A4-6CA8D3B6399A}"
EndProject
Project("{9A19103F-16F7-4668-BE54-9A1E7A4F7556}") = "Gapplus.Application", "Gapplus.Application\Gapplus.Application.csproj", "{238B993D-72AE-4DDB-96F3-45ED3430E80A}"
EndProject
Project("{9A19103F-16F7-4668-BE54-9A1E7A4F7556}") = "Gapplus.Domain", "Gapplus.Domain\Gapplus.Domain.csproj", "{06DE5633-E2EB-4874-AD1C-2E0D23AEBA43}"
EndProject
Project("{9A19103F-16F7-4668-BE54-9A1E7A4F7556}") = "Gapplus.Infrastructure", "Gapplus.Infrastructure\Gapplus.Infrastructure.csproj", "{B81BDFC5-69D4-408D-B244-CD4928B2CD2B}"
EndProject
Project("{FAE04EC0-301F-11D3-BF4B-00C04F79EFBC}") = "Gapplus.Web", "Gapplus.Web\Gapplus.Web.csproj", "{24453186-1329-4923-92AE-C8F87B383137}"
EndProject
Global
	GlobalSection(SolutionConfigurationPlatforms) = preSolution
		Debug|Any CPU = Debug|Any CPU
		Release|Any CPU = Release|Any CPU
	EndGlobalSection
	GlobalSection(ProjectConfigurationPlatforms) = postSolution
		{3174FD2D-D71A-4494-82A4-6CA8D3B6399A}.Debug|Any CPU.ActiveCfg = Debug|Any CPU
		{3174FD2D-D71A-4494-82A4-6CA8D3B6399A}.Debug|Any CPU.Build.0 = Debug|Any CPU
		{3174FD2D-D71A-4494-82A4-6CA8D3B6399A}.Release|Any CPU.ActiveCfg = Release|Any CPU
		{3174FD2D-D71A-4494-82A4-6CA8D3B6399A}.Release|Any CPU.Build.0 = Release|Any CPU
		{238B993D-72AE-4DDB-96F3-45ED3430E80A}.Debug|Any CPU.ActiveCfg = Debug|Any CPU
		{238B993D-72AE-4DDB-96F3-45ED3430E80A}.Debug|Any CPU.Build.0 = Debug|Any CPU
		{238B993D-72AE-4DDB-96F3-45ED3430E80A}.Release|Any CPU.ActiveCfg = Release|Any CPU
		{238B993D-72AE-4DDB-96F3-45ED3430E80A}.Release|Any CPU.Build.0 = Release|Any CPU
		{06DE5633-E2EB-4874-AD1C-2E0D23AEBA43}.Debug|Any CPU.ActiveCfg = Debug|Any CPU
		{06DE5633-E2EB-4874-AD1C-2E0D23AEBA43}.Debug|Any CPU.Build.0 = Debug|Any CPU
		{06DE5633-E2EB-4874-AD1C-2E0D23AEBA43}.Release|Any CPU.ActiveCfg = Release|Any CPU
		{06DE5633-E2EB-4874-AD1C-2E0D23AEBA43}.Release|Any CPU.Build.0 = Release|Any CPU
		{B81BDFC5-69D4-408D-B244-CD4928B2CD2B}.Debug|Any CPU.ActiveCfg = Debug|Any CPU
		{B81BDFC5-69D4-408D-B244-CD4928B2CD2B}.Debug|Any CPU.Build.0 = Debug|Any CPU
		{B81BDFC5-69D4-408D-B244-CD4928B2CD2B}.Release|Any CPU.ActiveCfg = Release|Any CPU
		{B81BDFC5-69D4-408D-B244-CD4928B2CD2B}.Release|Any CPU.Build.0 = Release|Any CPU
		{24453186-1329-4923-92AE-C8F87B383137}.Debug|Any CPU.ActiveCfg = Debug|Any CPU
		{24453186-1329-4923-92AE-C8F87B383137}.Debug|Any CPU.Build.0 = Debug|Any CPU
		{24453186-1329-4923-92AE-C8F87B383137}.Release|Any CPU.ActiveCfg = Release|Any CPU
		{24453186-1329-4923-92AE-C8F87B383137}.Release|Any CPU.Build.0 = Release|Any CPU
	EndGlobalSection
	GlobalSection(SolutionProperties) = preSolution
		HideSolutionNode = FALSE
	EndGlobalSection
	GlobalSection(ExtensibilityGlobals) = postSolution
		SolutionGuid = {708208FA-0538-4B4F-BE2C-AAFD75A0F924}
	EndGlobalSection
EndGlobal
